
Microsoft Visual Studio Solution File, Format Version 12.00
# Visual Studio Version 17
VisualStudioVersion = 17.4.33213.308
MinimumVisualStudioVersion = 10.0.40219.1
Project("{FAE04EC0-301F-11D3-BF4B-00C04F79EFBC}") = "OutboxPattern_Email", "OutboxPattern_Email\OutboxPattern_Email.csproj", "{7C2503A0-8FF0-4B48-9ED2-EEDEEB19FD0C}"
EndProject
Global
	GlobalSection(SolutionConfigurationPlatforms) = preSolution
		Debug|Any CPU = Debug|Any CPU
		Release|Any CPU = Release|Any CPU
	EndGlobalSection
	GlobalSection(ProjectConfigurationPlatforms) = postSolution
		{7C2503A0-8FF0-4B48-9ED2-EEDEEB19FD0C}.Debug|Any CPU.ActiveCfg = Debug|Any CPU
		{7C2503A0-8FF0-4B48-9ED2-EEDEEB19FD0C}.Debug|Any CPU.Build.0 = Debug|Any CPU
		{7C2503A0-8FF0-4B48-9ED2-EEDEEB19FD0C}.Release|Any CPU.ActiveCfg = Release|Any CPU
		{7C2503A0-8FF0-4B48-9ED2-EEDEEB19FD0C}.Release|Any CPU.Build.0 = Release|Any CPU
	EndGlobalSection
	GlobalSection(SolutionProperties) = preSolution
		HideSolutionNode = FALSE
	EndGlobalSection
	GlobalSection(ExtensibilityGlobals) = postSolution
		SolutionGuid = {3F48BC2F-89B0-4B6A-A4B9-8EF937C0DA40}
	EndGlobalSection
EndGlobal
